
Microsoft Visual Studio Solution File, Format Version 12.00
# Visual Studio 15
VisualStudioVersion = 15.0.27703.2047
MinimumVisualStudioVersion = 10.0.40219.1
Project("{FAE04EC0-301F-11D3-BF4B-00C04F79EFBC}") = "DiseñoDeExperimentos", "DiseñoDeExperimentos\DiseñoDeExperimentos.csproj", "{8293E986-18CB-42D8-8F85-3C7A384BFDB8}"
EndProject
Global
	GlobalSection(SolutionConfigurationPlatforms) = preSolution
		Debug|Any CPU = Debug|Any CPU
		Release|Any CPU = Release|Any CPU
	EndGlobalSection
	GlobalSection(ProjectConfigurationPlatforms) = postSolution
		{8293E986-18CB-42D8-8F85-3C7A384BFDB8}.Debug|Any CPU.ActiveCfg = Debug|Any CPU
		{8293E986-18CB-42D8-8F85-3C7A384BFDB8}.Debug|Any CPU.Build.0 = Debug|Any CPU
		{8293E986-18CB-42D8-8F85-3C7A384BFDB8}.Release|Any CPU.ActiveCfg = Release|Any CPU
		{8293E986-18CB-42D8-8F85-3C7A384BFDB8}.Release|Any CPU.Build.0 = Release|Any CPU
	EndGlobalSection
	GlobalSection(SolutionProperties) = preSolution
		HideSolutionNode = FALSE
	EndGlobalSection
	GlobalSection(ExtensibilityGlobals) = postSolution
		SolutionGuid = {53738E56-D101-4291-990A-DD469AA244CC}
	EndGlobalSection
EndGlobal
